
Microsoft Visual Studio Solution File, Format Version 12.00
# Visual Studio Version 17
VisualStudioVersion = 17.2.32630.192
MinimumVisualStudioVersion = 10.0.40219.1
Project("{FAE04EC0-301F-11D3-BF4B-00C04F79EFBC}") = "EMS", "EmployeeManagementSystem\EMS.csproj", "{E7000DCA-5C93-4012-8F37-BAB452FD14B5}"
EndProject
Project("{FAE04EC0-301F-11D3-BF4B-00C04F79EFBC}") = "EMS.Application", "EMS.Application\EMS.Application.csproj", "{A922F611-DF54-472D-A2FD-5D6EA79DBCC1}"
EndProject
Project("{FAE04EC0-301F-11D3-BF4B-00C04F79EFBC}") = "EMS.Domain", "EMS.Domain\EMS.Domain.csproj", "{2B2C3031-17B7-4F0C-949E-4BD0A5A6E034}"
EndProject
Project("{FAE04EC0-301F-11D3-BF4B-00C04F79EFBC}") = "EMS.Infrastructure", "EMS.Infrastructure\EMS.Infrastructure.csproj", "{2B4F148E-82F4-4079-8A48-E06F46280155}"
EndProject
Global
	GlobalSection(SolutionConfigurationPlatforms) = preSolution
		Debug|Any CPU = Debug|Any CPU
		Release|Any CPU = Release|Any CPU
	EndGlobalSection
	GlobalSection(ProjectConfigurationPlatforms) = postSolution
		{E7000DCA-5C93-4012-8F37-BAB452FD14B5}.Debug|Any CPU.ActiveCfg = Debug|Any CPU
		{E7000DCA-5C93-4012-8F37-BAB452FD14B5}.Debug|Any CPU.Build.0 = Debug|Any CPU
		{E7000DCA-5C93-4012-8F37-BAB452FD14B5}.Release|Any CPU.ActiveCfg = Release|Any CPU
		{E7000DCA-5C93-4012-8F37-BAB452FD14B5}.Release|Any CPU.Build.0 = Release|Any CPU
		{A922F611-DF54-472D-A2FD-5D6EA79DBCC1}.Debug|Any CPU.ActiveCfg = Debug|Any CPU
		{A922F611-DF54-472D-A2FD-5D6EA79DBCC1}.Debug|Any CPU.Build.0 = Debug|Any CPU
		{A922F611-DF54-472D-A2FD-5D6EA79DBCC1}.Release|Any CPU.ActiveCfg = Release|Any CPU
		{A922F611-DF54-472D-A2FD-5D6EA79DBCC1}.Release|Any CPU.Build.0 = Release|Any CPU
		{2B2C3031-17B7-4F0C-949E-4BD0A5A6E034}.Debug|Any CPU.ActiveCfg = Debug|Any CPU
		{2B2C3031-17B7-4F0C-949E-4BD0A5A6E034}.Debug|Any CPU.Build.0 = Debug|Any CPU
		{2B2C3031-17B7-4F0C-949E-4BD0A5A6E034}.Release|Any CPU.ActiveCfg = Release|Any CPU
		{2B2C3031-17B7-4F0C-949E-4BD0A5A6E034}.Release|Any CPU.Build.0 = Release|Any CPU
		{2B4F148E-82F4-4079-8A48-E06F46280155}.Debug|Any CPU.ActiveCfg = Debug|Any CPU
		{2B4F148E-82F4-4079-8A48-E06F46280155}.Debug|Any CPU.Build.0 = Debug|Any CPU
		{2B4F148E-82F4-4079-8A48-E06F46280155}.Release|Any CPU.ActiveCfg = Release|Any CPU
		{2B4F148E-82F4-4079-8A48-E06F46280155}.Release|Any CPU.Build.0 = Release|Any CPU
	EndGlobalSection
	GlobalSection(SolutionProperties) = preSolution
		HideSolutionNode = FALSE
	EndGlobalSection
	GlobalSection(ExtensibilityGlobals) = postSolution
		SolutionGuid = {2D4DA2CD-60DA-49EE-9B8E-13B59C871DFA}
	EndGlobalSection
EndGlobal
